
Microsoft Visual Studio Solution File, Format Version 12.00
# Visual Studio Version 16
VisualStudioVersion = 16.0.31321.278
MinimumVisualStudioVersion = 10.0.40219.1
Project("{FAE04EC0-301F-11D3-BF4B-00C04F79EFBC}") = "mfTCPappC", "mfTCPappC\mfTCPappC.csproj", "{B8CDA272-648A-4782-80A1-34ADBD761A65}"
EndProject
Global
	GlobalSection(SolutionConfigurationPlatforms) = preSolution
		Debug|Any CPU = Debug|Any CPU
		Release|Any CPU = Release|Any CPU
	EndGlobalSection
	GlobalSection(ProjectConfigurationPlatforms) = postSolution
		{B8CDA272-648A-4782-80A1-34ADBD761A65}.Debug|Any CPU.ActiveCfg = Debug|Any CPU
		{B8CDA272-648A-4782-80A1-34ADBD761A65}.Debug|Any CPU.Build.0 = Debug|Any CPU
		{B8CDA272-648A-4782-80A1-34ADBD761A65}.Release|Any CPU.ActiveCfg = Release|Any CPU
		{B8CDA272-648A-4782-80A1-34ADBD761A65}.Release|Any CPU.Build.0 = Release|Any CPU
	EndGlobalSection
	GlobalSection(SolutionProperties) = preSolution
		HideSolutionNode = FALSE
	EndGlobalSection
	GlobalSection(ExtensibilityGlobals) = postSolution
		SolutionGuid = {CD3513EB-6AB5-40BB-8922-A98772D02CCC}
	EndGlobalSection
EndGlobal
